
Microsoft Visual Studio Solution File, Format Version 12.00
# Visual Studio Version 16
VisualStudioVersion = 16.0.29709.97
MinimumVisualStudioVersion = 10.0.40219.1
Project("{FAE04EC0-301F-11D3-BF4B-00C04F79EFBC}") = "AzureDevOpsDemo", "AzureDevOpsDemo\AzureDevOpsDemo.csproj", "{0F6F664E-FFA4-4068-890C-133590479FFE}"
EndProject
Global
	GlobalSection(SolutionConfigurationPlatforms) = preSolution
		Debug|Any CPU = Debug|Any CPU
		Release|Any CPU = Release|Any CPU
	EndGlobalSection
	GlobalSection(ProjectConfigurationPlatforms) = postSolution
		{0F6F664E-FFA4-4068-890C-133590479FFE}.Debug|Any CPU.ActiveCfg = Debug|Any CPU
		{0F6F664E-FFA4-4068-890C-133590479FFE}.Debug|Any CPU.Build.0 = Debug|Any CPU
		{0F6F664E-FFA4-4068-890C-133590479FFE}.Release|Any CPU.ActiveCfg = Release|Any CPU
		{0F6F664E-FFA4-4068-890C-133590479FFE}.Release|Any CPU.Build.0 = Release|Any CPU
	EndGlobalSection
	GlobalSection(SolutionProperties) = preSolution
		HideSolutionNode = FALSE
	EndGlobalSection
	GlobalSection(ExtensibilityGlobals) = postSolution
		SolutionGuid = {2AF4CD07-A2D7-485B-9368-EDFB8324CF97}
	EndGlobalSection
EndGlobal
